
Microsoft Visual Studio Solution File, Format Version 12.00
# Visual Studio Version 16
VisualStudioVersion = 16.0.30621.155
MinimumVisualStudioVersion = 10.0.40219.1
Project("{FAE04EC0-301F-11D3-BF4B-00C04F79EFBC}") = "Gzip", "Gzip\Gzip.csproj", "{EAFA945C-FE29-40E7-A733-A8008C863091}"
EndProject
Global
	GlobalSection(SolutionConfigurationPlatforms) = preSolution
		Debug|Any CPU = Debug|Any CPU
		Release|Any CPU = Release|Any CPU
	EndGlobalSection
	GlobalSection(ProjectConfigurationPlatforms) = postSolution
		{EAFA945C-FE29-40E7-A733-A8008C863091}.Debug|Any CPU.ActiveCfg = Debug|Any CPU
		{EAFA945C-FE29-40E7-A733-A8008C863091}.Debug|Any CPU.Build.0 = Debug|Any CPU
		{EAFA945C-FE29-40E7-A733-A8008C863091}.Release|Any CPU.ActiveCfg = Release|Any CPU
		{EAFA945C-FE29-40E7-A733-A8008C863091}.Release|Any CPU.Build.0 = Release|Any CPU
	EndGlobalSection
	GlobalSection(SolutionProperties) = preSolution
		HideSolutionNode = FALSE
	EndGlobalSection
	GlobalSection(ExtensibilityGlobals) = postSolution
		SolutionGuid = {7CC93F28-DFEA-46B4-899B-3BB12D5CB63E}
	EndGlobalSection
EndGlobal
